
Microsoft Visual Studio Solution File, Format Version 12.00
# Visual Studio Version 17
VisualStudioVersion = 17.10.35013.160
MinimumVisualStudioVersion = 10.0.40219.1
Project("{FAE04EC0-301F-11D3-BF4B-00C04F79EFBC}") = "printfileln", "printfileln\printfileln.csproj", "{100D2116-174C-4A50-8DEB-77C42FA0377B}"
EndProject
Global
	GlobalSection(SolutionConfigurationPlatforms) = preSolution
		Debug|Any CPU = Debug|Any CPU
		Release|Any CPU = Release|Any CPU
	EndGlobalSection
	GlobalSection(ProjectConfigurationPlatforms) = postSolution
		{100D2116-174C-4A50-8DEB-77C42FA0377B}.Debug|Any CPU.ActiveCfg = Debug|Any CPU
		{100D2116-174C-4A50-8DEB-77C42FA0377B}.Debug|Any CPU.Build.0 = Debug|Any CPU
		{100D2116-174C-4A50-8DEB-77C42FA0377B}.Release|Any CPU.ActiveCfg = Release|Any CPU
		{100D2116-174C-4A50-8DEB-77C42FA0377B}.Release|Any CPU.Build.0 = Release|Any CPU
	EndGlobalSection
	GlobalSection(SolutionProperties) = preSolution
		HideSolutionNode = FALSE
	EndGlobalSection
	GlobalSection(ExtensibilityGlobals) = postSolution
		SolutionGuid = {0E6BE963-7FD3-4D2E-AFCC-2E0D65DDA56D}
	EndGlobalSection
EndGlobal
